
Microsoft Visual Studio Solution File, Format Version 12.00
# Visual Studio Version 16
VisualStudioVersion = 16.0.32510.428
MinimumVisualStudioVersion = 10.0.40219.1
Project("{FAE04EC0-301F-11D3-BF4B-00C04F79EFBC}") = "Entrega1", "Entrega1\Entrega1.csproj", "{4EB66EED-1797-4A1C-AA0D-99A587DF7E93}"
EndProject
Global
	GlobalSection(SolutionConfigurationPlatforms) = preSolution
		Debug|Any CPU = Debug|Any CPU
		Release|Any CPU = Release|Any CPU
	EndGlobalSection
	GlobalSection(ProjectConfigurationPlatforms) = postSolution
		{4EB66EED-1797-4A1C-AA0D-99A587DF7E93}.Debug|Any CPU.ActiveCfg = Debug|Any CPU
		{4EB66EED-1797-4A1C-AA0D-99A587DF7E93}.Debug|Any CPU.Build.0 = Debug|Any CPU
		{4EB66EED-1797-4A1C-AA0D-99A587DF7E93}.Release|Any CPU.ActiveCfg = Release|Any CPU
		{4EB66EED-1797-4A1C-AA0D-99A587DF7E93}.Release|Any CPU.Build.0 = Release|Any CPU
	EndGlobalSection
	GlobalSection(SolutionProperties) = preSolution
		HideSolutionNode = FALSE
	EndGlobalSection
	GlobalSection(ExtensibilityGlobals) = postSolution
		SolutionGuid = {5CAC2E66-0E18-48C2-B61A-FE74F21981F3}
	EndGlobalSection
EndGlobal
